{
  "name": "deduplicate-array",
  "version": "1.0.0",
  "lockfileVersion": 2,
  "requires": true,
  "packages": {
    "": {
      "name": "deduplicate-array",
      "version": "1.0.0",
      "license": "ISC",
      "dependencies": {
        "array-has-value": "^1.0.0"
      }
    },
    "node_modules/array-has-value": {
      "version": "1.0.0",
      "resolved": "https://registry.npmjs.org/array-has-value/-/array-has-value-1.0.0.tgz",
      "integrity": "sha512-uZe4WRh7rXmkLuwuKOb8VuuWYcaaljoOFAzDKdL8UOgP0uJ2oGJrZUm+xszeuX0tTDpTRc7g3dd+AS41guwjtQ=="
    }
  },
  "dependencies": {
    "array-has-value": {
      "version": "1.0.0",
      "resolved": "https://registry.npmjs.org/array-has-value/-/array-has-value-1.0.0.tgz",
      "integrity": "sha512-uZe4WRh7rXmkLuwuKOb8VuuWYcaaljoOFAzDKdL8UOgP0uJ2oGJrZUm+xszeuX0tTDpTRc7g3dd+AS41guwjtQ=="
    }
  }
}
